
Microsoft Visual Studio Solution File, Format Version 12.00
# Visual Studio Version 16
VisualStudioVersion = 16.0.29519.181
MinimumVisualStudioVersion = 10.0.40219.1
Project("{FAE04EC0-301F-11D3-BF4B-00C04F79EFBC}") = "JunerInjectTest", "JunerInjectTest\JunerInjectTest.csproj", "{BB119945-30C4-4A9A-8312-F189F4CF9C54}"
EndProject
Project("{9A19103F-16F7-4668-BE54-9A1E7A4F7556}") = "JunerInject", "JunerInject\JunerInject.csproj", "{18C95F62-4386-454C-96B5-202ED90B366C}"
EndProject
Global
	GlobalSection(SolutionConfigurationPlatforms) = preSolution
		Debug|Any CPU = Debug|Any CPU
		Release|Any CPU = Release|Any CPU
	EndGlobalSection
	GlobalSection(ProjectConfigurationPlatforms) = postSolution
		{BB119945-30C4-4A9A-8312-F189F4CF9C54}.Debug|Any CPU.ActiveCfg = Debug|Any CPU
		{BB119945-30C4-4A9A-8312-F189F4CF9C54}.Debug|Any CPU.Build.0 = Debug|Any CPU
		{BB119945-30C4-4A9A-8312-F189F4CF9C54}.Release|Any CPU.ActiveCfg = Release|Any CPU
		{BB119945-30C4-4A9A-8312-F189F4CF9C54}.Release|Any CPU.Build.0 = Release|Any CPU
		{18C95F62-4386-454C-96B5-202ED90B366C}.Debug|Any CPU.ActiveCfg = Debug|Any CPU
		{18C95F62-4386-454C-96B5-202ED90B366C}.Debug|Any CPU.Build.0 = Debug|Any CPU
		{18C95F62-4386-454C-96B5-202ED90B366C}.Release|Any CPU.ActiveCfg = Release|Any CPU
		{18C95F62-4386-454C-96B5-202ED90B366C}.Release|Any CPU.Build.0 = Release|Any CPU
	EndGlobalSection
	GlobalSection(SolutionProperties) = preSolution
		HideSolutionNode = FALSE
	EndGlobalSection
	GlobalSection(ExtensibilityGlobals) = postSolution
		SolutionGuid = {4DD11EC9-73EA-48D1-A765-B9B3E3ACCC02}
	EndGlobalSection
EndGlobal
